
Microsoft Visual Studio Solution File, Format Version 12.00
# Visual Studio Version 16
VisualStudioVersion = 16.0.31729.503
MinimumVisualStudioVersion = 10.0.40219.1
Project("{FAE04EC0-301F-11D3-BF4B-00C04F79EFBC}") = "EFCore.WebApi", "EFCore.WebApi.csproj", "{0414EF0A-8A29-4CEB-8CD8-13F6A622A2BD}"
EndProject
Global
	GlobalSection(SolutionConfigurationPlatforms) = preSolution
		Debug|Any CPU = Debug|Any CPU
		Release|Any CPU = Release|Any CPU
	EndGlobalSection
	GlobalSection(ProjectConfigurationPlatforms) = postSolution
		{0414EF0A-8A29-4CEB-8CD8-13F6A622A2BD}.Debug|Any CPU.ActiveCfg = Debug|Any CPU
		{0414EF0A-8A29-4CEB-8CD8-13F6A622A2BD}.Debug|Any CPU.Build.0 = Debug|Any CPU
		{0414EF0A-8A29-4CEB-8CD8-13F6A622A2BD}.Release|Any CPU.ActiveCfg = Release|Any CPU
		{0414EF0A-8A29-4CEB-8CD8-13F6A622A2BD}.Release|Any CPU.Build.0 = Release|Any CPU
	EndGlobalSection
	GlobalSection(SolutionProperties) = preSolution
		HideSolutionNode = FALSE
	EndGlobalSection
	GlobalSection(ExtensibilityGlobals) = postSolution
		SolutionGuid = {FD7532F5-D679-4791-819F-C61FF21E0B92}
	EndGlobalSection
EndGlobal
